
Microsoft Visual Studio Solution File, Format Version 12.00
# Visual Studio Version 16
VisualStudioVersion = 16.0.29613.14
MinimumVisualStudioVersion = 10.0.40219.1
Project("{FAE04EC0-301F-11D3-BF4B-00C04F79EFBC}") = "APIChatServer", "APIChatServer\APIChatServer.csproj", "{9301507E-DFA7-476D-9752-9AFBB3DC3873}"
EndProject
Project("{FAE04EC0-301F-11D3-BF4B-00C04F79EFBC}") = "APIChatClient", "APIChatClient\APIChatClient.csproj", "{3DCD31B6-4211-4420-A19F-359754D9D65C}"
EndProject
Global
	GlobalSection(SolutionConfigurationPlatforms) = preSolution
		Debug|Any CPU = Debug|Any CPU
		Release|Any CPU = Release|Any CPU
	EndGlobalSection
	GlobalSection(ProjectConfigurationPlatforms) = postSolution
		{9301507E-DFA7-476D-9752-9AFBB3DC3873}.Debug|Any CPU.ActiveCfg = Debug|Any CPU
		{9301507E-DFA7-476D-9752-9AFBB3DC3873}.Debug|Any CPU.Build.0 = Debug|Any CPU
		{9301507E-DFA7-476D-9752-9AFBB3DC3873}.Release|Any CPU.ActiveCfg = Release|Any CPU
		{9301507E-DFA7-476D-9752-9AFBB3DC3873}.Release|Any CPU.Build.0 = Release|Any CPU
		{3DCD31B6-4211-4420-A19F-359754D9D65C}.Debug|Any CPU.ActiveCfg = Debug|Any CPU
		{3DCD31B6-4211-4420-A19F-359754D9D65C}.Debug|Any CPU.Build.0 = Debug|Any CPU
		{3DCD31B6-4211-4420-A19F-359754D9D65C}.Release|Any CPU.ActiveCfg = Release|Any CPU
		{3DCD31B6-4211-4420-A19F-359754D9D65C}.Release|Any CPU.Build.0 = Release|Any CPU
	EndGlobalSection
	GlobalSection(SolutionProperties) = preSolution
		HideSolutionNode = FALSE
	EndGlobalSection
	GlobalSection(ExtensibilityGlobals) = postSolution
		SolutionGuid = {4DD384FB-9F1E-4EA3-BA94-20B0314B2FE8}
	EndGlobalSection
EndGlobal
